// !$*UTF8*$!
{
	archiveVersion = 1;
	classes = {
	};
	objectVersion = 56;
	objects = {

/* Begin PBXBuildFile section */
		041133C62A37054E005F3A3F /* OnePushViewController.swift in Sources */ = {isa = PBXBuildFile; fileRef = 041133C52A37054E005F3A3F /* OnePushViewController.swift */; };
		041133C82A370568005F3A3F /* TwoPushViewController.swift in Sources */ = {isa = PBXBuildFile; fileRef = 041133C72A370568005F3A3F /* TwoPushViewController.swift */; };
		04B529502A3604BC00A7E4BE /* AppDelegate.swift in Sources */ = {isa = PBXBuildFile; fileRef = 04B5294F2A3604BC00A7E4BE /* AppDelegate.swift */; };
		04B529522A3604BC00A7E4BE /* SceneDelegate.swift in Sources */ = {isa = PBXBuildFile; fileRef = 04B529512A3604BC00A7E4BE /* SceneDelegate.swift */; };
		04B529542A3604BC00A7E4BE /* ViewController.swift in Sources */ = {isa = PBXBuildFile; fileRef = 04B529532A3604BC00A7E4BE /* ViewController.swift */; };
		04B529592A3604BE00A7E4BE /* Assets.xcassets in Resources */ = {isa = PBXBuildFile; fileRef = 04B529582A3604BE00A7E4BE /* Assets.xcassets */; };
		04B5295C2A3604BE00A7E4BE /* LaunchScreen.storyboard in Resources */ = {isa = PBXBuildFile; fileRef = 04B5295A2A3604BE00A7E4BE /* LaunchScreen.storyboard */; };
		04E8E55D2A36491E0024AC26 /* SnapKit in Frameworks */ = {isa = PBXBuildFile; productRef = 04E8E55C2A36491E0024AC26 /* SnapKit */; };
		04E8E55F2A364BE40024AC26 /* PresentedViewController.swift in Sources */ = {isa = PBXBuildFile; fileRef = 04E8E55E2A364BE40024AC26 /* PresentedViewController.swift */; };
/* End PBXBuildFile section */

/* Begin PBXFileReference section */
		041133C52A37054E005F3A3F /* OnePushViewController.swift */ = {isa = PBXFileReference; lastKnownFileType = sourcecode.swift; path = OnePushViewController.swift; sourceTree = "<group>"; };
		041133C72A370568005F3A3F /* TwoPushViewController.swift */ = {isa = PBXFileReference; lastKnownFileType = sourcecode.swift; path = TwoPushViewController.swift; sourceTree = "<group>"; };
		04B5294C2A3604BC00A7E4BE /* UINavigationController practice.app */ = {isa = PBXFileReference; explicitFileType = wrapper.application; includeInIndex = 0; path = "UINavigationController practice.app"; sourceTree = BUILT_PRODUCTS_DIR; };
		04B5294F2A3604BC00A7E4BE /* AppDelegate.swift */ = {isa = PBXFileReference; lastKnownFileType = sourcecode.swift; path = AppDelegate.swift; sourceTree = "<group>"; };
		04B529512A3604BC00A7E4BE /* SceneDelegate.swift */ = {isa = PBXFileReference; lastKnownFileType = sourcecode.swift; path = SceneDelegate.swift; sourceTree = "<group>"; };
		04B529532A3604BC00A7E4BE /* ViewController.swift */ = {isa = PBXFileReference; lastKnownFileType = sourcecode.swift; path = ViewController.swift; sourceTree = "<group>"; };
		04B529582A3604BE00A7E4BE /* Assets.xcassets */ = {isa = PBXFileReference; lastKnownFileType = folder.assetcatalog; path = Assets.xcassets; sourceTree = "<group>"; };
		04B5295B2A3604BE00A7E4BE /* Base */ = {isa = PBXFileReference; lastKnownFileType = file.storyboard; name = Base; path = Base.lproj/LaunchScreen.storyboard; sourceTree = "<group>"; };
		04B5295D2A3604BE00A7E4BE /* Info.plist */ = {isa = PBXFileReference; lastKnownFileType = text.plist.xml; path = Info.plist; sourceTree = "<group>"; };
		04E8E55E2A364BE40024AC26 /* PresentedViewController.swift */ = {isa = PBXFileReference; lastKnownFileType = sourcecode.swift; path = PresentedViewController.swift; sourceTree = "<group>"; };
/* End PBXFileReference section */

/* Begin PBXFrameworksBuildPhase section */
		04B529492A3604BC00A7E4BE /* Frameworks */ = {
			isa = PBXFrameworksBuildPhase;
			buildActionMask = 2147483647;
			files = (
				04E8E55D2A36491E0024AC26 /* SnapKit in Frameworks */,
			);
			runOnlyForDeploymentPostprocessing = 0;
		};
/* End PBXFrameworksBuildPhase section */

/* Begin PBXGroup section */
		04B529432A3604BC00A7E4BE = {
			isa = PBXGroup;
			children = (
				04B5294E2A3604BC00A7E4BE /* UINavigationController practice */,
				04B5294D2A3604BC00A7E4BE /* Products */,
			);
			sourceTree = "<group>";
		};
		04B5294D2A3604BC00A7E4BE /* Products */ = {
			isa = PBXGroup;
			children = (
				04B5294C2A3604BC00A7E4BE /* UINavigationController practice.app */,
			);
			name = Products;
			sourceTree = "<group>";
		};
		04B5294E2A3604BC00A7E4BE /* UINavigationController practice */ = {
			isa = PBXGroup;
			children = (
				04B5294F2A3604BC00A7E4BE /* AppDelegate.swift */,
				04B529512A3604BC00A7E4BE /* SceneDelegate.swift */,
				04B529532A3604BC00A7E4BE /* ViewController.swift */,
				04E8E55E2A364BE40024AC26 /* PresentedViewController.swift */,
				041133C52A37054E005F3A3F /* OnePushViewController.swift */,
				041133C72A370568005F3A3F /* TwoPushViewController.swift */,
				04B529582A3604BE00A7E4BE /* Assets.xcassets */,
				04B5295A2A3604BE00A7E4BE /* LaunchScreen.storyboard */,
				04B5295D2A3604BE00A7E4BE /* Info.plist */,
			);
			path = "UINavigationController practice";
			sourceTree = "<group>";
		};
/* End PBXGroup section */

/* Begin PBXNativeTarget section */
		04B5294B2A3604BC00A7E4BE /* UINavigationController practice */ = {
			isa = PBXNativeTarget;
			buildConfigurationList = 04B529602A3604BE00A7E4BE /* Build configuration list for PBXNativeTarget "UINavigationController practice" */;
			buildPhases = (
				04B529482A3604BC00A7E4BE /* Sources */,
				04B529492A3604BC00A7E4BE /* Frameworks */,
				04B5294A2A3604BC00A7E4BE /* Resources */,
			);
			buildRules = (
			);
			dependencies = (
			);
			name = "UINavigationController practice";
			packageProductDependencies = (
				04E8E55C2A36491E0024AC26 /* SnapKit */,
			);
			productName = "UINavigationController practice";
			productReference = 04B5294C2A3604BC00A7E4BE /* UINavigationController practice.app */;
			productType = "com.apple.product-type.application";
		};
/* End PBXNativeTarget section */

/* Begin PBXProject section */
		04B529442A3604BC00A7E4BE /* Project object */ = {
			isa = PBXProject;
			attributes = {
				BuildIndependentTargetsInParallel = 1;
				LastSwiftUpdateCheck = 1420;
				LastUpgradeCheck = 1420;
				TargetAttributes = {
					04B5294B2A3604BC00A7E4BE = {
						CreatedOnToolsVersion = 14.2;
					};
				};
			};
			buildConfigurationList = 04B529472A3604BC00A7E4BE /* Build configuration list for PBXProject "UINavigationController practice" */;
			compatibilityVersion = "Xcode 14.0";
			developmentRegion = en;
			hasScannedForEncodings = 0;
			knownRegions = (
				en,
				Base,
			);
			mainGroup = 04B529432A3604BC00A7E4BE;
			packageReferences = (
				04E8E55B2A36491E0024AC26 /* XCRemoteSwiftPackageReference "SnapKit" */,
			);
			productRefGroup = 04B5294D2A3604BC00A7E4BE /* Products */;
			projectDirPath = "";
			projectRoot = "";
			targets = (
				04B5294B2A3604BC00A7E4BE /* UINavigationController practice */,
			);
		};
/* End PBXProject section */

/* Begin PBXResourcesBuildPhase section */
		04B5294A2A3604BC00A7E4BE /* Resources */ = {
			isa = PBXResourcesBuildPhase;
			buildActionMask = 2147483647;
			files = (
				04B5295C2A3604BE00A7E4BE /* LaunchScreen.storyboard in Resources */,
				04B529592A3604BE00A7E4BE /* Assets.xcassets in Resources */,
			);
			runOnlyForDeploymentPostprocessing = 0;
		};
/* End PBXResourcesBuildPhase section */

/* Begin PBXSourcesBuildPhase section */
		04B529482A3604BC00A7E4BE /* Sources */ = {
			isa = PBXSourcesBuildPhase;
			buildActionMask = 2147483647;
			files = (
				041133C62A37054E005F3A3F /* OnePushViewController.swift in Sources */,
				04B529542A3604BC00A7E4BE /* ViewController.swift in Sources */,
				04E8E55F2A364BE40024AC26 /* PresentedViewController.swift in Sources */,
				04B529502A3604BC00A7E4BE /* AppDelegate.swift in Sources */,
				04B529522A3604BC00A7E4BE /* SceneDelegate.swift in Sources */,
				041133C82A370568005F3A3F /* TwoPushViewController.swift in Sources */,
			);
			runOnlyForDeploymentPostprocessing = 0;
		};
/* End PBXSourcesBuildPhase section */

/* Begin PBXVariantGroup section */
		04B5295A2A3604BE00A7E4BE /* LaunchScreen.storyboard */ = {
			isa = PBXVariantGroup;
			children = (
				04B5295B2A3604BE00A7E4BE /* Base */,
			);
			name = LaunchScreen.storyboard;
			sourceTree = "<group>";
		};
/* End PBXVariantGroup section */

/* Begin XCBuildConfiguration section */
		04B5295E2A3604BE00A7E4BE /* Debug */ = {
			isa = XCBuildConfiguration;
			buildSettings = {
				ALWAYS_SEARCH_USER_PATHS = NO;
				CLANG_ANALYZER_NONNULL = YES;
				CLANG_ANALYZER_NUMBER_OBJECT_CONVERSION = YES_AGGRESSIVE;
				CLANG_CXX_LANGUAGE_STANDARD = "gnu++20";
				CLANG_ENABLE_MODULES = YES;
				CLANG_ENABLE_OBJC_ARC = YES;
				CLANG_ENABLE_OBJC_WEAK = YES;
				CLANG_WARN_BLOCK_CAPTURE_AUTORELEASING = YES;
				CLANG_WARN_BOOL_CONVERSION = YES;
				CLANG_WARN_COMMA = YES;
				CLANG_WARN_CONSTANT_CONVERSION = YES;
				CLANG_WARN_DEPRECATED_OBJC_IMPLEMENTATIONS = YES;
				CLANG_WARN_DIRECT_OBJC_ISA_USAGE = YES_ERROR;
				CLANG_WARN_DOCUMENTATION_COMMENTS = YES;
				CLANG_WARN_EMPTY_BODY = YES;
				CLANG_WARN_ENUM_CONVERSION = YES;
				CLANG_WARN_INFINITE_RECURSION = YES;
				CLANG_WARN_INT_CONVERSION = YES;
				CLANG_WARN_NON_LITERAL_NULL_CONVERSION = YES;
				CLANG_WARN_OBJC_IMPLICIT_RETAIN_SELF = YES;
				CLANG_WARN_OBJC_LITERAL_CONVERSION = YES;
				CLANG_WARN_OBJC_ROOT_CLASS = YES_ERROR;
				CLANG_WARN_QUOTED_INCLUDE_IN_FRAMEWORK_HEADER = YES;
				CLANG_WARN_RANGE_LOOP_ANALYSIS = YES;
				CLANG_WARN_STRICT_PROTOTYPES = YES;
				CLANG_WARN_SUSPICIOUS_MOVE = YES;
				CLANG_WARN_UNGUARDED_AVAILABILITY = YES_AGGRESSIVE;
				CLANG_WARN_UNREACHABLE_CODE = YES;
				CLANG_WARN__DUPLICATE_METHOD_MATCH = YES;
				COPY_PHASE_STRIP = NO;
				DEBUG_INFORMATION_FORMAT = dwarf;
				ENABLE_STRICT_OBJC_MSGSEND = YES;
				ENABLE_TESTABILITY = YES;
				GCC_C_LANGUAGE_STANDARD = gnu11;
				GCC_DYNAMIC_NO_PIC = NO;
				GCC_NO_COMMON_BLOCKS = YES;
				GCC_OPTIMIZATION_LEVEL = 0;
				GCC_PREPROCESSOR_DEFINITIONS = (
					"DEBUG=1",
					"$(inherited)",
				);
				GCC_WARN_64_TO_32_BIT_CONVERSION = YES;
				GCC_WARN_ABOUT_RETURN_TYPE = YES_ERROR;
				GCC_WARN_UNDECLARED_SELECTOR = YES;
				GCC_WARN_UNINITIALIZED_AUTOS = YES_AGGRESSIVE;
				GCC_WARN_UNUSED_FUNCTION = YES;
				GCC_WARN_UNUSED_VARIABLE = YES;
				IPHONEOS_DEPLOYMENT_TARGET = 16.2;
				MTL_ENABLE_DEBUG_INFO = INCLUDE_SOURCE;
				MTL_FAST_MATH = YES;
				ONLY_ACTIVE_ARCH = YES;
				SDKROOT = iphoneos;
				SWIFT_ACTIVE_COMPILATION_CONDITIONS = DEBUG;
				SWIFT_OPTIMIZATION_LEVEL = "-Onone";
			};
			name = Debug;
		};
		04B5295F2A3604BE00A7E4BE /* Release */ = {
			isa = XCBuildConfiguration;
			buildSettings = {
				ALWAYS_SEARCH_USER_PATHS = NO;
				CLANG_ANALYZER_NONNULL = YES;
				CLANG_ANALYZER_NUMBER_OBJECT_CONVERSION = YES_AGGRESSIVE;
				CLANG_CXX_LANGUAGE_STANDARD = "gnu++20";
				CLANG_ENABLE_MODULES = YES;
				CLANG_ENABLE_OBJC_ARC = YES;
				CLANG_ENABLE_OBJC_WEAK = YES;
				CLANG_WARN_BLOCK_CAPTURE_AUTORELEASING = YES;
				CLANG_WARN_BOOL_CONVERSION = YES;
				CLANG_WARN_COMMA = YES;
				CLANG_WARN_CONSTANT_CONVERSION = YES;
				CLANG_WARN_DEPRECATED_OBJC_IMPLEMENTATIONS = YES;
				CLANG_WARN_DIRECT_OBJC_ISA_USAGE = YES_ERROR;
				CLANG_WARN_DOCUMENTATION_COMMENTS = YES;
				CLANG_WARN_EMPTY_BODY = YES;
				CLANG_WARN_ENUM_CONVERSION = YES;
				CLANG_WARN_INFINITE_RECURSION = YES;
				CLANG_WARN_INT_CONVERSION = YES;
				CLANG_WARN_NON_LITERAL_NULL_CONVERSION = YES;
				CLANG_WARN_OBJC_IMPLICIT_RETAIN_SELF = YES;
				CLANG_WARN_OBJC_LITERAL_CONVERSION = YES;
				CLANG_WARN_OBJC_ROOT_CLASS = YES_ERROR;
				CLANG_WARN_QUOTED_INCLUDE_IN_FRAMEWORK_HEADER = YES;
				CLANG_WARN_RANGE_LOOP_ANALYSIS = YES;
				CLANG_WARN_STRICT_PROTOTYPES = YES;
				CLANG_WARN_SUSPICIOUS_MOVE = YES;
				CLANG_WARN_UNGUARDED_AVAILABILITY = YES_AGGRESSIVE;
				CLANG_WARN_UNREACHABLE_CODE = YES;
				CLANG_WARN__DUPLICATE_METHOD_MATCH = YES;
				COPY_PHASE_STRIP = NO;
				DEBUG_INFORMATION_FORMAT = "dwarf-with-dsym";
				ENABLE_NS_ASSERTIONS = NO;
				ENABLE_STRICT_OBJC_MSGSEND = YES;
				GCC_C_LANGUAGE_STANDARD = gnu11;
				GCC_NO_COMMON_BLOCKS = YES;
				GCC_WARN_64_TO_32_BIT_CONVERSION = YES;
				GCC_WARN_ABOUT_RETURN_TYPE = YES_ERROR;
				GCC_WARN_UNDECLARED_SELECTOR = YES;
				GCC_WARN_UNINITIALIZED_AUTOS = YES_AGGRESSIVE;
				GCC_WARN_UNUSED_FUNCTION = YES;
				GCC_WARN_UNUSED_VARIABLE = YES;
				IPHONEOS_DEPLOYMENT_TARGET = 16.2;
				MTL_ENABLE_DEBUG_INFO = NO;
				MTL_FAST_MATH = YES;
				SDKROOT = iphoneos;
				SWIFT_COMPILATION_MODE = wholemodule;
				SWIFT_OPTIMIZATION_LEVEL = "-O";
				VALIDATE_PRODUCT = YES;
			};
			name = Release;
		};
		04B529612A3604BE00A7E4BE /* Debug */ = {
			isa = XCBuildConfiguration;
			buildSettings = {
				ASSETCATALOG_COMPILER_APPICON_NAME = AppIcon;
				ASSETCATALOG_COMPILER_GLOBAL_ACCENT_COLOR_NAME = AccentColor;
				CODE_SIGN_STYLE = Automatic;
				CURRENT_PROJECT_VERSION = 1;
				GENERATE_INFOPLIST_FILE = YES;
				INFOPLIST_FILE = "UINavigationController practice/Info.plist";
				INFOPLIST_KEY_UIApplicationSupportsIndirectInputEvents = YES;
				INFOPLIST_KEY_UILaunchStoryboardName = LaunchScreen;
				INFOPLIST_KEY_UISupportedInterfaceOrientations_iPad = "UIInterfaceOrientationPortrait UIInterfaceOrientationPortraitUpsideDown UIInterfaceOrientationLandscapeLeft UIInterfaceOrientationLandscapeRight";
				INFOPLIST_KEY_UISupportedInterfaceOrientations_iPhone = "UIInterfaceOrientationPortrait UIInterfaceOrientationLandscapeLeft UIInterfaceOrientationLandscapeRight";
				LD_RUNPATH_SEARCH_PATHS = (
					"$(inherited)",
					"@executable_path/Frameworks",
				);
				MARKETING_VERSION = 1.0;
				PRODUCT_BUNDLE_IDENTIFIER = "Georgiu.UINavigationController-practice";
				PRODUCT_NAME = "$(TARGET_NAME)";
				SWIFT_EMIT_LOC_STRINGS = YES;
				SWIFT_VERSION = 5.0;
				TARGETED_DEVICE_FAMILY = "1,2";
			};
			name = Debug;
		};
		04B529622A3604BE00A7E4BE /* Release */ = {
			isa = XCBuildConfiguration;
			buildSettings = {
				ASSETCATALOG_COMPILER_APPICON_NAME = AppIcon;
				ASSETCATALOG_COMPILER_GLOBAL_ACCENT_COLOR_NAME = AccentColor;
				CODE_SIGN_STYLE = Automatic;
				CURRENT_PROJECT_VERSION = 1;
				GENERATE_INFOPLIST_FILE = YES;
				INFOPLIST_FILE = "UINavigationController practice/Info.plist";
				INFOPLIST_KEY_UIApplicationSupportsIndirectInputEvents = YES;
				INFOPLIST_KEY_UILaunchStoryboardName = LaunchScreen;
				INFOPLIST_KEY_UISupportedInterfaceOrientations_iPad = "UIInterfaceOrientationPortrait UIInterfaceOrientationPortraitUpsideDown UIInterfaceOrientationLandscapeLeft UIInterfaceOrientationLandscapeRight";
				INFOPLIST_KEY_UISupportedInterfaceOrientations_iPhone = "UIInterfaceOrientationPortrait UIInterfaceOrientationLandscapeLeft UIInterfaceOrientationLandscapeRight";
				LD_RUNPATH_SEARCH_PATHS = (
					"$(inherited)",
					"@executable_path/Frameworks",
				);
				MARKETING_VERSION = 1.0;
				PRODUCT_BUNDLE_IDENTIFIER = "Georgiu.UINavigationController-practice";
				PRODUCT_NAME = "$(TARGET_NAME)";
				SWIFT_EMIT_LOC_STRINGS = YES;
				SWIFT_VERSION = 5.0;
				TARGETED_DEVICE_FAMILY = "1,2";
			};
			name = Release;
		};
/* End XCBuildConfiguration section */

/* Begin XCConfigurationList section */
		04B529472A3604BC00A7E4BE /* Build configuration list for PBXProject "UINavigationController practice" */ = {
			isa = XCConfigurationList;
			buildConfigurations = (
				04B5295E2A3604BE00A7E4BE /* Debug */,
				04B5295F2A3604BE00A7E4BE /* Release */,
			);
			defaultConfigurationIsVisible = 0;
			defaultConfigurationName = Release;
		};
		04B529602A3604BE00A7E4BE /* Build configuration list for PBXNativeTarget "UINavigationController practice" */ = {
			isa = XCConfigurationList;
			buildConfigurations = (
				04B529612A3604BE00A7E4BE /* Debug */,
				04B529622A3604BE00A7E4BE /* Release */,
			);
			defaultConfigurationIsVisible = 0;
			defaultConfigurationName = Release;
		};
/* End XCConfigurationList section */

/* Begin XCRemoteSwiftPackageReference section */
		04E8E55B2A36491E0024AC26 /* XCRemoteSwiftPackageReference "SnapKit" */ = {
			isa = XCRemoteSwiftPackageReference;
			repositoryURL = "https://github.com/SnapKit/SnapKit";
			requirement = {
				kind = upToNextMajorVersion;
				minimumVersion = 5.0.0;
			};
		};
/* End XCRemoteSwiftPackageReference section */

/* Begin XCSwiftPackageProductDependency section */
		04E8E55C2A36491E0024AC26 /* SnapKit */ = {
			isa = XCSwiftPackageProductDependency;
			package = 04E8E55B2A36491E0024AC26 /* XCRemoteSwiftPackageReference "SnapKit" */;
			productName = SnapKit;
		};
/* End XCSwiftPackageProductDependency section */
	};
	rootObject = 04B529442A3604BC00A7E4BE /* Project object */;
}
